// !$*UTF8*$!
{
	archiveVersion = 1;
	classes = {
	};
	objectVersion = 46;
	objects = {

/* Begin PBXBuildFile section */
		BEBFFA311B03A5FF0088FD9C /* AppDelegate.swift in Sources */ = {isa = PBXBuildFile; fileRef = BEBFFA301B03A5FF0088FD9C /* AppDelegate.swift */; };
		BEBFFA331B03A5FF0088FD9C /* ViewController.swift in Sources */ = {isa = PBXBuildFile; fileRef = BEBFFA321B03A5FF0088FD9C /* ViewController.swift */; };
		BEBFFA361B03A5FF0088FD9C /* Main.storyboard in Resources */ = {isa = PBXBuildFile; fileRef = BEBFFA341B03A5FF0088FD9C /* Main.storyboard */; };
		BEBFFA381B03A5FF0088FD9C /* Images.xcassets in Resources */ = {isa = PBXBuildFile; fileRef = BEBFFA371B03A5FF0088FD9C /* Images.xcassets */; };
		BEBFFA3B1B03A5FF0088FD9C /* LaunchScreen.xib in Resources */ = {isa = PBXBuildFile; fileRef = BEBFFA391B03A5FF0088FD9C /* LaunchScreen.xib */; };
		BEBFFA471B03A5FF0088FD9C /* TwitterScrollDemoTests.swift in Sources */ = {isa = PBXBuildFile; fileRef = BEBFFA461B03A5FF0088FD9C /* TwitterScrollDemoTests.swift */; };
		BEBFFA511B03A6AD0088FD9C /* TwitterScroll.swift in Sources */ = {isa = PBXBuildFile; fileRef = BEBFFA501B03A6AD0088FD9C /* TwitterScroll.swift */; };
/* End PBXBuildFile section */

/* Begin PBXContainerItemProxy section */
		BEBFFA411B03A5FF0088FD9C /* PBXContainerItemProxy */ = {
			isa = PBXContainerItemProxy;
			containerPortal = BEBFFA231B03A5FF0088FD9C /* Project object */;
			proxyType = 1;
			remoteGlobalIDString = BEBFFA2A1B03A5FF0088FD9C;
			remoteInfo = TwitterScrollDemo;
		};
/* End PBXContainerItemProxy section */

/* Begin PBXFileReference section */
		BEBFFA2B1B03A5FF0088FD9C /* TwitterScrollDemo.app */ = {isa = PBXFileReference; explicitFileType = wrapper.application; includeInIndex = 0; path = TwitterScrollDemo.app; sourceTree = BUILT_PRODUCTS_DIR; };
		BEBFFA2F1B03A5FF0088FD9C /* Info.plist */ = {isa = PBXFileReference; lastKnownFileType = text.plist.xml; path = Info.plist; sourceTree = "<group>"; };
		BEBFFA301B03A5FF0088FD9C /* AppDelegate.swift */ = {isa = PBXFileReference; lastKnownFileType = sourcecode.swift; path = AppDelegate.swift; sourceTree = "<group>"; };
		BEBFFA321B03A5FF0088FD9C /* ViewController.swift */ = {isa = PBXFileReference; lastKnownFileType = sourcecode.swift; path = ViewController.swift; sourceTree = "<group>"; };
		BEBFFA351B03A5FF0088FD9C /* Base */ = {isa = PBXFileReference; lastKnownFileType = file.storyboard; name = Base; path = Base.lproj/Main.storyboard; sourceTree = "<group>"; };
		BEBFFA371B03A5FF0088FD9C /* Images.xcassets */ = {isa = PBXFileReference; lastKnownFileType = folder.assetcatalog; path = Images.xcassets; sourceTree = "<group>"; };
		BEBFFA3A1B03A5FF0088FD9C /* Base */ = {isa = PBXFileReference; lastKnownFileType = file.xib; name = Base; path = Base.lproj/LaunchScreen.xib; sourceTree = "<group>"; };
		BEBFFA401B03A5FF0088FD9C /* TwitterScrollDemoTests.xctest */ = {isa = PBXFileReference; explicitFileType = wrapper.cfbundle; includeInIndex = 0; path = TwitterScrollDemoTests.xctest; sourceTree = BUILT_PRODUCTS_DIR; };
		BEBFFA451B03A5FF0088FD9C /* Info.plist */ = {isa = PBXFileReference; lastKnownFileType = text.plist.xml; path = Info.plist; sourceTree = "<group>"; };
		BEBFFA461B03A5FF0088FD9C /* TwitterScrollDemoTests.swift */ = {isa = PBXFileReference; lastKnownFileType = sourcecode.swift; path = TwitterScrollDemoTests.swift; sourceTree = "<group>"; };
		BEBFFA501B03A6AD0088FD9C /* TwitterScroll.swift */ = {isa = PBXFileReference; fileEncoding = 4; lastKnownFileType = sourcecode.swift; path = TwitterScroll.swift; sourceTree = "<group>"; };
/* End PBXFileReference section */

/* Begin PBXFrameworksBuildPhase section */
		BEBFFA281B03A5FF0088FD9C /* Frameworks */ = {
			isa = PBXFrameworksBuildPhase;
			buildActionMask = 2147483647;
			files = (
			);
			runOnlyForDeploymentPostprocessing = 0;
		};
		BEBFFA3D1B03A5FF0088FD9C /* Frameworks */ = {
			isa = PBXFrameworksBuildPhase;
			buildActionMask = 2147483647;
			files = (
			);
			runOnlyForDeploymentPostprocessing = 0;
		};
/* End PBXFrameworksBuildPhase section */

/* Begin PBXGroup section */
		BEBFFA221B03A5FF0088FD9C = {
			isa = PBXGroup;
			children = (
				BEBFFA2D1B03A5FF0088FD9C /* TwitterScrollDemo */,
				BEBFFA431B03A5FF0088FD9C /* TwitterScrollDemoTests */,
				BEBFFA2C1B03A5FF0088FD9C /* Products */,
			);
			sourceTree = "<group>";
		};
		BEBFFA2C1B03A5FF0088FD9C /* Products */ = {
			isa = PBXGroup;
			children = (
				BEBFFA2B1B03A5FF0088FD9C /* TwitterScrollDemo.app */,
				BEBFFA401B03A5FF0088FD9C /* TwitterScrollDemoTests.xctest */,
			);
			name = Products;
			sourceTree = "<group>";
		};
		BEBFFA2D1B03A5FF0088FD9C /* TwitterScrollDemo */ = {
			isa = PBXGroup;
			children = (
				BEBFFA301B03A5FF0088FD9C /* AppDelegate.swift */,
				BEBFFA321B03A5FF0088FD9C /* ViewController.swift */,
				BEBFFA341B03A5FF0088FD9C /* Main.storyboard */,
				BEBFFA371B03A5FF0088FD9C /* Images.xcassets */,
				BEBFFA391B03A5FF0088FD9C /* LaunchScreen.xib */,
				BEBFFA2E1B03A5FF0088FD9C /* Supporting Files */,
				BEBFFA501B03A6AD0088FD9C /* TwitterScroll.swift */,
			);
			path = TwitterScrollDemo;
			sourceTree = "<group>";
		};
		BEBFFA2E1B03A5FF0088FD9C /* Supporting Files */ = {
			isa = PBXGroup;
			children = (
				BEBFFA2F1B03A5FF0088FD9C /* Info.plist */,
			);
			name = "Supporting Files";
			sourceTree = "<group>";
		};
		BEBFFA431B03A5FF0088FD9C /* TwitterScrollDemoTests */ = {
			isa = PBXGroup;
			children = (
				BEBFFA461B03A5FF0088FD9C /* TwitterScrollDemoTests.swift */,
				BEBFFA441B03A5FF0088FD9C /* Supporting Files */,
			);
			path = TwitterScrollDemoTests;
			sourceTree = "<group>";
		};
		BEBFFA441B03A5FF0088FD9C /* Supporting Files */ = {
			isa = PBXGroup;
			children = (
				BEBFFA451B03A5FF0088FD9C /* Info.plist */,
			);
			name = "Supporting Files";
			sourceTree = "<group>";
		};
/* End PBXGroup section */

/* Begin PBXNativeTarget section */
		BEBFFA2A1B03A5FF0088FD9C /* TwitterScrollDemo */ = {
			isa = PBXNativeTarget;
			buildConfigurationList = BEBFFA4A1B03A5FF0088FD9C /* Build configuration list for PBXNativeTarget "TwitterScrollDemo" */;
			buildPhases = (
				BEBFFA271B03A5FF0088FD9C /* Sources */,
				BEBFFA281B03A5FF0088FD9C /* Frameworks */,
				BEBFFA291B03A5FF0088FD9C /* Resources */,
			);
			buildRules = (
			);
			dependencies = (
			);
			name = TwitterScrollDemo;
			productName = TwitterScrollDemo;
			productReference = BEBFFA2B1B03A5FF0088FD9C /* TwitterScrollDemo.app */;
			productType = "com.apple.product-type.application";
		};
		BEBFFA3F1B03A5FF0088FD9C /* TwitterScrollDemoTests */ = {
			isa = PBXNativeTarget;
			buildConfigurationList = BEBFFA4D1B03A5FF0088FD9C /* Build configuration list for PBXNativeTarget "TwitterScrollDemoTests" */;
			buildPhases = (
				BEBFFA3C1B03A5FF0088FD9C /* Sources */,
				BEBFFA3D1B03A5FF0088FD9C /* Frameworks */,
				BEBFFA3E1B03A5FF0088FD9C /* Resources */,
			);
			buildRules = (
			);
			dependencies = (
				BEBFFA421B03A5FF0088FD9C /* PBXTargetDependency */,
			);
			name = TwitterScrollDemoTests;
			productName = TwitterScrollDemoTests;
			productReference = BEBFFA401B03A5FF0088FD9C /* TwitterScrollDemoTests.xctest */;
			productType = "com.apple.product-type.bundle.unit-test";
		};
/* End PBXNativeTarget section */

/* Begin PBXProject section */
		BEBFFA231B03A5FF0088FD9C /* Project object */ = {
			isa = PBXProject;
			attributes = {
				LastSwiftUpdateCheck = 0700;
				LastUpgradeCheck = 0630;
				ORGANIZATIONNAME = D_ttang;
				TargetAttributes = {
					BEBFFA2A1B03A5FF0088FD9C = {
						CreatedOnToolsVersion = 6.3.1;
					};
					BEBFFA3F1B03A5FF0088FD9C = {
						CreatedOnToolsVersion = 6.3.1;
						TestTargetID = BEBFFA2A1B03A5FF0088FD9C;
					};
				};
			};
			buildConfigurationList = BEBFFA261B03A5FF0088FD9C /* Build configuration list for PBXProject "TwitterScrollDemo" */;
			compatibilityVersion = "Xcode 3.2";
			developmentRegion = English;
			hasScannedForEncodings = 0;
			knownRegions = (
				en,
				Base,
			);
			mainGroup = BEBFFA221B03A5FF0088FD9C;
			productRefGroup = BEBFFA2C1B03A5FF0088FD9C /* Products */;
			projectDirPath = "";
			projectRoot = "";
			targets = (
				BEBFFA2A1B03A5FF0088FD9C /* TwitterScrollDemo */,
				BEBFFA3F1B03A5FF0088FD9C /* TwitterScrollDemoTests */,
			);
		};
/* End PBXProject section */

/* Begin PBXResourcesBuildPhase section */
		BEBFFA291B03A5FF0088FD9C /* Resources */ = {
			isa = PBXResourcesBuildPhase;
			buildActionMask = 2147483647;
			files = (
				BEBFFA361B03A5FF0088FD9C /* Main.storyboard in Resources */,
				BEBFFA3B1B03A5FF0088FD9C /* LaunchScreen.xib in Resources */,
				BEBFFA381B03A5FF0088FD9C /* Images.xcassets in Resources */,
			);
			runOnlyForDeploymentPostprocessing = 0;
		};
		BEBFFA3E1B03A5FF0088FD9C /* Resources */ = {
			isa = PBXResourcesBuildPhase;
			buildActionMask = 2147483647;
			files = (
			);
			runOnlyForDeploymentPostprocessing = 0;
		};
/* End PBXResourcesBuildPhase section */

/* Begin PBXSourcesBuildPhase section */
		BEBFFA271B03A5FF0088FD9C /* Sources */ = {
			isa = PBXSourcesBuildPhase;
			buildActionMask = 2147483647;
			files = (
				BEBFFA511B03A6AD0088FD9C /* TwitterScroll.swift in Sources */,
				BEBFFA331B03A5FF0088FD9C /* ViewController.swift in Sources */,
				BEBFFA311B03A5FF0088FD9C /* AppDelegate.swift in Sources */,
			);
			runOnlyForDeploymentPostprocessing = 0;
		};
		BEBFFA3C1B03A5FF0088FD9C /* Sources */ = {
			isa = PBXSourcesBuildPhase;
			buildActionMask = 2147483647;
			files = (
				BEBFFA471B03A5FF0088FD9C /* TwitterScrollDemoTests.swift in Sources */,
			);
			runOnlyForDeploymentPostprocessing = 0;
		};
/* End PBXSourcesBuildPhase section */

/* Begin PBXTargetDependency section */
		BEBFFA421B03A5FF0088FD9C /* PBXTargetDependency */ = {
			isa = PBXTargetDependency;
			target = BEBFFA2A1B03A5FF0088FD9C /* TwitterScrollDemo */;
			targetProxy = BEBFFA411B03A5FF0088FD9C /* PBXContainerItemProxy */;
		};
/* End PBXTargetDependency section */

/* Begin PBXVariantGroup section */
		BEBFFA341B03A5FF0088FD9C /* Main.storyboard */ = {
			isa = PBXVariantGroup;
			children = (
				BEBFFA351B03A5FF0088FD9C /* Base */,
			);
			name = Main.storyboard;
			sourceTree = "<group>";
		};
		BEBFFA391B03A5FF0088FD9C /* LaunchScreen.xib */ = {
			isa = PBXVariantGroup;
			children = (
				BEBFFA3A1B03A5FF0088FD9C /* Base */,
			);
			name = LaunchScreen.xib;
			sourceTree = "<group>";
		};
/* End PBXVariantGroup section */

/* Begin XCBuildConfiguration section */
		BEBFFA481B03A5FF0088FD9C /* Debug */ = {
			isa = XCBuildConfiguration;
			buildSettings = {
				ALWAYS_SEARCH_USER_PATHS = NO;
				CLANG_CXX_LANGUAGE_STANDARD = "gnu++0x";
				CLANG_CXX_LIBRARY = "libc++";
				CLANG_ENABLE_MODULES = YES;
				CLANG_ENABLE_OBJC_ARC = YES;
				CLANG_WARN_BOOL_CONVERSION = YES;
				CLANG_WARN_CONSTANT_CONVERSION = YES;
				CLANG_WARN_DIRECT_OBJC_ISA_USAGE = YES_ERROR;
				CLANG_WARN_EMPTY_BODY = YES;
				CLANG_WARN_ENUM_CONVERSION = YES;
				CLANG_WARN_INT_CONVERSION = YES;
				CLANG_WARN_OBJC_ROOT_CLASS = YES_ERROR;
				CLANG_WARN_UNREACHABLE_CODE = YES;
				CLANG_WARN__DUPLICATE_METHOD_MATCH = YES;
				"CODE_SIGN_IDENTITY[sdk=iphoneos*]" = "iPhone Developer";
				COPY_PHASE_STRIP = NO;
				DEBUG_INFORMATION_FORMAT = "dwarf-with-dsym";
				ENABLE_STRICT_OBJC_MSGSEND = YES;
				GCC_C_LANGUAGE_STANDARD = gnu99;
				GCC_DYNAMIC_NO_PIC = NO;
				GCC_NO_COMMON_BLOCKS = YES;
				GCC_OPTIMIZATION_LEVEL = 0;
				GCC_PREPROCESSOR_DEFINITIONS = (
					"DEBUG=1",
					"$(inherited)",
				);
				GCC_SYMBOLS_PRIVATE_EXTERN = NO;
				GCC_WARN_64_TO_32_BIT_CONVERSION = YES;
				GCC_WARN_ABOUT_RETURN_TYPE = YES_ERROR;
				GCC_WARN_UNDECLARED_SELECTOR = YES;
				GCC_WARN_UNINITIALIZED_AUTOS = YES_AGGRESSIVE;
				GCC_WARN_UNUSED_FUNCTION = YES;
				GCC_WARN_UNUSED_VARIABLE = YES;
				IPHONEOS_DEPLOYMENT_TARGET = 8.3;
				MTL_ENABLE_DEBUG_INFO = YES;
				ONLY_ACTIVE_ARCH = YES;
				SDKROOT = iphoneos;
				SWIFT_OPTIMIZATION_LEVEL = "-Onone";
			};
			name = Debug;
		};
		BEBFFA491B03A5FF0088FD9C /* Release */ = {
			isa = XCBuildConfiguration;
			buildSettings = {
				ALWAYS_SEARCH_USER_PATHS = NO;
				CLANG_CXX_LANGUAGE_STANDARD = "gnu++0x";
				CLANG_CXX_LIBRARY = "libc++";
				CLANG_ENABLE_MODULES = YES;
				CLANG_ENABLE_OBJC_ARC = YES;
				CLANG_WARN_BOOL_CONVERSION = YES;
				CLANG_WARN_CONSTANT_CONVERSION = YES;
				CLANG_WARN_DIRECT_OBJC_ISA_USAGE = YES_ERROR;
				CLANG_WARN_EMPTY_BODY = YES;
				CLANG_WARN_ENUM_CONVERSION = YES;
				CLANG_WARN_INT_CONVERSION = YES;
				CLANG_WARN_OBJC_ROOT_CLASS = YES_ERROR;
				CLANG_WARN_UNREACHABLE_CODE = YES;
				CLANG_WARN__DUPLICATE_METHOD_MATCH = YES;
				"CODE_SIGN_IDENTITY[sdk=iphoneos*]" = "iPhone Developer";
				COPY_PHASE_STRIP = NO;
				DEBUG_INFORMATION_FORMAT = "dwarf-with-dsym";
				ENABLE_NS_ASSERTIONS = NO;
				ENABLE_STRICT_OBJC_MSGSEND = YES;
				GCC_C_LANGUAGE_STANDARD = gnu99;
				GCC_NO_COMMON_BLOCKS = YES;
				GCC_WARN_64_TO_32_BIT_CONVERSION = YES;
				GCC_WARN_ABOUT_RETURN_TYPE = YES_ERROR;
				GCC_WARN_UNDECLARED_SELECTOR = YES;
				GCC_WARN_UNINITIALIZED_AUTOS = YES_AGGRESSIVE;
				GCC_WARN_UNUSED_FUNCTION = YES;
				GCC_WARN_UNUSED_VARIABLE = YES;
				IPHONEOS_DEPLOYMENT_TARGET = 8.3;
				MTL_ENABLE_DEBUG_INFO = NO;
				SDKROOT = iphoneos;
				VALIDATE_PRODUCT = YES;
			};
			name = Release;
		};
		BEBFFA4B1B03A5FF0088FD9C /* Debug */ = {
			isa = XCBuildConfiguration;
			buildSettings = {
				ASSETCATALOG_COMPILER_APPICON_NAME = AppIcon;
				CODE_SIGN_IDENTITY = "iPhone Developer: pan mingxu (SUVAA8YKEN)";
				INFOPLIST_FILE = TwitterScrollDemo/Info.plist;
				IPHONEOS_DEPLOYMENT_TARGET = 8.2;
				LD_RUNPATH_SEARCH_PATHS = "$(inherited) @executable_path/Frameworks";
				PRODUCT_NAME = "$(TARGET_NAME)";
			};
			name = Debug;
		};
		BEBFFA4C1B03A5FF0088FD9C /* Release */ = {
			isa = XCBuildConfiguration;
			buildSettings = {
				ASSETCATALOG_COMPILER_APPICON_NAME = AppIcon;
				CODE_SIGN_IDENTITY = "iPhone Developer: pan mingxu (SUVAA8YKEN)";
				INFOPLIST_FILE = TwitterScrollDemo/Info.plist;
				IPHONEOS_DEPLOYMENT_TARGET = 8.2;
				LD_RUNPATH_SEARCH_PATHS = "$(inherited) @executable_path/Frameworks";
				PRODUCT_NAME = "$(TARGET_NAME)";
			};
			name = Release;
		};
		BEBFFA4E1B03A5FF0088FD9C /* Debug */ = {
			isa = XCBuildConfiguration;
			buildSettings = {
				BUNDLE_LOADER = "$(TEST_HOST)";
				FRAMEWORK_SEARCH_PATHS = (
					"$(SDKROOT)/Developer/Library/Frameworks",
					"$(inherited)",
				);
				GCC_PREPROCESSOR_DEFINITIONS = (
					"DEBUG=1",
					"$(inherited)",
				);
				INFOPLIST_FILE = TwitterScrollDemoTests/Info.plist;
				LD_RUNPATH_SEARCH_PATHS = "$(inherited) @executable_path/Frameworks @loader_path/Frameworks";
				PRODUCT_NAME = "$(TARGET_NAME)";
				TEST_HOST = "$(BUILT_PRODUCTS_DIR)/TwitterScrollDemo.app/TwitterScrollDemo";
			};
			name = Debug;
		};
		BEBFFA4F1B03A5FF0088FD9C /* Release */ = {
			isa = XCBuildConfiguration;
			buildSettings = {
				BUNDLE_LOADER = "$(TEST_HOST)";
				FRAMEWORK_SEARCH_PATHS = (
					"$(SDKROOT)/Developer/Library/Frameworks",
					"$(inherited)",
				);
				INFOPLIST_FILE = TwitterScrollDemoTests/Info.plist;
				LD_RUNPATH_SEARCH_PATHS = "$(inherited) @executable_path/Frameworks @loader_path/Frameworks";
				PRODUCT_NAME = "$(TARGET_NAME)";
				TEST_HOST = "$(BUILT_PRODUCTS_DIR)/TwitterScrollDemo.app/TwitterScrollDemo";
			};
			name = Release;
		};
/* End XCBuildConfiguration section */

/* Begin XCConfigurationList section */
		BEBFFA261B03A5FF0088FD9C /* Build configuration list for PBXProject "TwitterScrollDemo" */ = {
			isa = XCConfigurationList;
			buildConfigurations = (
				BEBFFA481B03A5FF0088FD9C /* Debug */,
				BEBFFA491B03A5FF0088FD9C /* Release */,
			);
			defaultConfigurationIsVisible = 0;
			defaultConfigurationName = Release;
		};
		BEBFFA4A1B03A5FF0088FD9C /* Build configuration list for PBXNativeTarget "TwitterScrollDemo" */ = {
			isa = XCConfigurationList;
			buildConfigurations = (
				BEBFFA4B1B03A5FF0088FD9C /* Debug */,
				BEBFFA4C1B03A5FF0088FD9C /* Release */,
			);
			defaultConfigurationIsVisible = 0;
			defaultConfigurationName = Release;
		};
		BEBFFA4D1B03A5FF0088FD9C /* Build configuration list for PBXNativeTarget "TwitterScrollDemoTests" */ = {
			isa = XCConfigurationList;
			buildConfigurations = (
				BEBFFA4E1B03A5FF0088FD9C /* Debug */,
				BEBFFA4F1B03A5FF0088FD9C /* Release */,
			);
			defaultConfigurationIsVisible = 0;
			defaultConfigurationName = Release;
		};
/* End XCConfigurationList section */
	};
	rootObject = BEBFFA231B03A5FF0088FD9C /* Project object */;
}
