// !$*UTF8*$!
{
	archiveVersion = 1;
	classes = {
	};
	objectVersion = 46;
	objects = {

/* Begin PBXBuildFile section */
		BE670B921A46E8880071640D /* AppDelegate.swift in Sources */ = {isa = PBXBuildFile; fileRef = BE670B911A46E8880071640D /* AppDelegate.swift */; };
		BE670B941A46E8880071640D /* ViewController.swift in Sources */ = {isa = PBXBuildFile; fileRef = BE670B931A46E8880071640D /* ViewController.swift */; };
		BE670B971A46E8880071640D /* Main.storyboard in Resources */ = {isa = PBXBuildFile; fileRef = BE670B951A46E8880071640D /* Main.storyboard */; };
		BE670B991A46E8880071640D /* Images.xcassets in Resources */ = {isa = PBXBuildFile; fileRef = BE670B981A46E8880071640D /* Images.xcassets */; };
		BE670B9C1A46E8880071640D /* LaunchScreen.xib in Resources */ = {isa = PBXBuildFile; fileRef = BE670B9A1A46E8880071640D /* LaunchScreen.xib */; };
		BE670BA81A46E8880071640D /* myChapterTwoTests.swift in Sources */ = {isa = PBXBuildFile; fileRef = BE670BA71A46E8880071640D /* myChapterTwoTests.swift */; };
/* End PBXBuildFile section */

/* Begin PBXContainerItemProxy section */
		BE670BA21A46E8880071640D /* PBXContainerItemProxy */ = {
			isa = PBXContainerItemProxy;
			containerPortal = BE670B841A46E8880071640D /* Project object */;
			proxyType = 1;
			remoteGlobalIDString = BE670B8B1A46E8880071640D;
			remoteInfo = myChapterTwo;
		};
/* End PBXContainerItemProxy section */

/* Begin PBXFileReference section */
		BE670B8C1A46E8880071640D /* myChapterTwo.app */ = {isa = PBXFileReference; explicitFileType = wrapper.application; includeInIndex = 0; path = myChapterTwo.app; sourceTree = BUILT_PRODUCTS_DIR; };
		BE670B901A46E8880071640D /* Info.plist */ = {isa = PBXFileReference; lastKnownFileType = text.plist.xml; path = Info.plist; sourceTree = "<group>"; };
		BE670B911A46E8880071640D /* AppDelegate.swift */ = {isa = PBXFileReference; lastKnownFileType = sourcecode.swift; path = AppDelegate.swift; sourceTree = "<group>"; };
		BE670B931A46E8880071640D /* ViewController.swift */ = {isa = PBXFileReference; lastKnownFileType = sourcecode.swift; path = ViewController.swift; sourceTree = "<group>"; };
		BE670B961A46E8880071640D /* Base */ = {isa = PBXFileReference; lastKnownFileType = file.storyboard; name = Base; path = Base.lproj/Main.storyboard; sourceTree = "<group>"; };
		BE670B981A46E8880071640D /* Images.xcassets */ = {isa = PBXFileReference; lastKnownFileType = folder.assetcatalog; path = Images.xcassets; sourceTree = "<group>"; };
		BE670B9B1A46E8880071640D /* Base */ = {isa = PBXFileReference; lastKnownFileType = file.xib; name = Base; path = Base.lproj/LaunchScreen.xib; sourceTree = "<group>"; };
		BE670BA11A46E8880071640D /* myChapterTwoTests.xctest */ = {isa = PBXFileReference; explicitFileType = wrapper.cfbundle; includeInIndex = 0; path = myChapterTwoTests.xctest; sourceTree = BUILT_PRODUCTS_DIR; };
		BE670BA61A46E8880071640D /* Info.plist */ = {isa = PBXFileReference; lastKnownFileType = text.plist.xml; path = Info.plist; sourceTree = "<group>"; };
		BE670BA71A46E8880071640D /* myChapterTwoTests.swift */ = {isa = PBXFileReference; lastKnownFileType = sourcecode.swift; path = myChapterTwoTests.swift; sourceTree = "<group>"; };
/* End PBXFileReference section */

/* Begin PBXFrameworksBuildPhase section */
		BE670B891A46E8880071640D /* Frameworks */ = {
			isa = PBXFrameworksBuildPhase;
			buildActionMask = 2147483647;
			files = (
			);
			runOnlyForDeploymentPostprocessing = 0;
		};
		BE670B9E1A46E8880071640D /* Frameworks */ = {
			isa = PBXFrameworksBuildPhase;
			buildActionMask = 2147483647;
			files = (
			);
			runOnlyForDeploymentPostprocessing = 0;
		};
/* End PBXFrameworksBuildPhase section */

/* Begin PBXGroup section */
		BE670B831A46E8880071640D = {
			isa = PBXGroup;
			children = (
				BE670B8E1A46E8880071640D /* myChapterTwo */,
				BE670BA41A46E8880071640D /* myChapterTwoTests */,
				BE670B8D1A46E8880071640D /* Products */,
			);
			sourceTree = "<group>";
		};
		BE670B8D1A46E8880071640D /* Products */ = {
			isa = PBXGroup;
			children = (
				BE670B8C1A46E8880071640D /* myChapterTwo.app */,
				BE670BA11A46E8880071640D /* myChapterTwoTests.xctest */,
			);
			name = Products;
			sourceTree = "<group>";
		};
		BE670B8E1A46E8880071640D /* myChapterTwo */ = {
			isa = PBXGroup;
			children = (
				BE670B911A46E8880071640D /* AppDelegate.swift */,
				BE670B931A46E8880071640D /* ViewController.swift */,
				BE670B951A46E8880071640D /* Main.storyboard */,
				BE670B981A46E8880071640D /* Images.xcassets */,
				BE670B9A1A46E8880071640D /* LaunchScreen.xib */,
				BE670B8F1A46E8880071640D /* Supporting Files */,
			);
			path = myChapterTwo;
			sourceTree = "<group>";
		};
		BE670B8F1A46E8880071640D /* Supporting Files */ = {
			isa = PBXGroup;
			children = (
				BE670B901A46E8880071640D /* Info.plist */,
			);
			name = "Supporting Files";
			sourceTree = "<group>";
		};
		BE670BA41A46E8880071640D /* myChapterTwoTests */ = {
			isa = PBXGroup;
			children = (
				BE670BA71A46E8880071640D /* myChapterTwoTests.swift */,
				BE670BA51A46E8880071640D /* Supporting Files */,
			);
			path = myChapterTwoTests;
			sourceTree = "<group>";
		};
		BE670BA51A46E8880071640D /* Supporting Files */ = {
			isa = PBXGroup;
			children = (
				BE670BA61A46E8880071640D /* Info.plist */,
			);
			name = "Supporting Files";
			sourceTree = "<group>";
		};
/* End PBXGroup section */

/* Begin PBXNativeTarget section */
		BE670B8B1A46E8880071640D /* myChapterTwo */ = {
			isa = PBXNativeTarget;
			buildConfigurationList = BE670BAB1A46E8880071640D /* Build configuration list for PBXNativeTarget "myChapterTwo" */;
			buildPhases = (
				BE670B881A46E8880071640D /* Sources */,
				BE670B891A46E8880071640D /* Frameworks */,
				BE670B8A1A46E8880071640D /* Resources */,
			);
			buildRules = (
			);
			dependencies = (
			);
			name = myChapterTwo;
			productName = myChapterTwo;
			productReference = BE670B8C1A46E8880071640D /* myChapterTwo.app */;
			productType = "com.apple.product-type.application";
		};
		BE670BA01A46E8880071640D /* myChapterTwoTests */ = {
			isa = PBXNativeTarget;
			buildConfigurationList = BE670BAE1A46E8880071640D /* Build configuration list for PBXNativeTarget "myChapterTwoTests" */;
			buildPhases = (
				BE670B9D1A46E8880071640D /* Sources */,
				BE670B9E1A46E8880071640D /* Frameworks */,
				BE670B9F1A46E8880071640D /* Resources */,
			);
			buildRules = (
			);
			dependencies = (
				BE670BA31A46E8880071640D /* PBXTargetDependency */,
			);
			name = myChapterTwoTests;
			productName = myChapterTwoTests;
			productReference = BE670BA11A46E8880071640D /* myChapterTwoTests.xctest */;
			productType = "com.apple.product-type.bundle.unit-test";
		};
/* End PBXNativeTarget section */

/* Begin PBXProject section */
		BE670B841A46E8880071640D /* Project object */ = {
			isa = PBXProject;
			attributes = {
				LastUpgradeCheck = 0610;
				ORGANIZATIONNAME = D_ttang;
				TargetAttributes = {
					BE670B8B1A46E8880071640D = {
						CreatedOnToolsVersion = 6.1.1;
					};
					BE670BA01A46E8880071640D = {
						CreatedOnToolsVersion = 6.1.1;
						TestTargetID = BE670B8B1A46E8880071640D;
					};
				};
			};
			buildConfigurationList = BE670B871A46E8880071640D /* Build configuration list for PBXProject "myChapterTwo" */;
			compatibilityVersion = "Xcode 3.2";
			developmentRegion = English;
			hasScannedForEncodings = 0;
			knownRegions = (
				en,
				Base,
			);
			mainGroup = BE670B831A46E8880071640D;
			productRefGroup = BE670B8D1A46E8880071640D /* Products */;
			projectDirPath = "";
			projectRoot = "";
			targets = (
				BE670B8B1A46E8880071640D /* myChapterTwo */,
				BE670BA01A46E8880071640D /* myChapterTwoTests */,
			);
		};
/* End PBXProject section */

/* Begin PBXResourcesBuildPhase section */
		BE670B8A1A46E8880071640D /* Resources */ = {
			isa = PBXResourcesBuildPhase;
			buildActionMask = 2147483647;
			files = (
				BE670B971A46E8880071640D /* Main.storyboard in Resources */,
				BE670B9C1A46E8880071640D /* LaunchScreen.xib in Resources */,
				BE670B991A46E8880071640D /* Images.xcassets in Resources */,
			);
			runOnlyForDeploymentPostprocessing = 0;
		};
		BE670B9F1A46E8880071640D /* Resources */ = {
			isa = PBXResourcesBuildPhase;
			buildActionMask = 2147483647;
			files = (
			);
			runOnlyForDeploymentPostprocessing = 0;
		};
/* End PBXResourcesBuildPhase section */

/* Begin PBXSourcesBuildPhase section */
		BE670B881A46E8880071640D /* Sources */ = {
			isa = PBXSourcesBuildPhase;
			buildActionMask = 2147483647;
			files = (
				BE670B941A46E8880071640D /* ViewController.swift in Sources */,
				BE670B921A46E8880071640D /* AppDelegate.swift in Sources */,
			);
			runOnlyForDeploymentPostprocessing = 0;
		};
		BE670B9D1A46E8880071640D /* Sources */ = {
			isa = PBXSourcesBuildPhase;
			buildActionMask = 2147483647;
			files = (
				BE670BA81A46E8880071640D /* myChapterTwoTests.swift in Sources */,
			);
			runOnlyForDeploymentPostprocessing = 0;
		};
/* End PBXSourcesBuildPhase section */

/* Begin PBXTargetDependency section */
		BE670BA31A46E8880071640D /* PBXTargetDependency */ = {
			isa = PBXTargetDependency;
			target = BE670B8B1A46E8880071640D /* myChapterTwo */;
			targetProxy = BE670BA21A46E8880071640D /* PBXContainerItemProxy */;
		};
/* End PBXTargetDependency section */

/* Begin PBXVariantGroup section */
		BE670B951A46E8880071640D /* Main.storyboard */ = {
			isa = PBXVariantGroup;
			children = (
				BE670B961A46E8880071640D /* Base */,
			);
			name = Main.storyboard;
			sourceTree = "<group>";
		};
		BE670B9A1A46E8880071640D /* LaunchScreen.xib */ = {
			isa = PBXVariantGroup;
			children = (
				BE670B9B1A46E8880071640D /* Base */,
			);
			name = LaunchScreen.xib;
			sourceTree = "<group>";
		};
/* End PBXVariantGroup section */

/* Begin XCBuildConfiguration section */
		BE670BA91A46E8880071640D /* Debug */ = {
			isa = XCBuildConfiguration;
			buildSettings = {
				ALWAYS_SEARCH_USER_PATHS = NO;
				CLANG_CXX_LANGUAGE_STANDARD = "gnu++0x";
				CLANG_CXX_LIBRARY = "libc++";
				CLANG_ENABLE_MODULES = YES;
				CLANG_ENABLE_OBJC_ARC = YES;
				CLANG_WARN_BOOL_CONVERSION = YES;
				CLANG_WARN_CONSTANT_CONVERSION = YES;
				CLANG_WARN_DIRECT_OBJC_ISA_USAGE = YES_ERROR;
				CLANG_WARN_EMPTY_BODY = YES;
				CLANG_WARN_ENUM_CONVERSION = YES;
				CLANG_WARN_INT_CONVERSION = YES;
				CLANG_WARN_OBJC_ROOT_CLASS = YES_ERROR;
				CLANG_WARN_UNREACHABLE_CODE = YES;
				CLANG_WARN__DUPLICATE_METHOD_MATCH = YES;
				"CODE_SIGN_IDENTITY[sdk=iphoneos*]" = "iPhone Developer";
				COPY_PHASE_STRIP = NO;
				ENABLE_STRICT_OBJC_MSGSEND = YES;
				GCC_C_LANGUAGE_STANDARD = gnu99;
				GCC_DYNAMIC_NO_PIC = NO;
				GCC_OPTIMIZATION_LEVEL = 0;
				GCC_PREPROCESSOR_DEFINITIONS = (
					"DEBUG=1",
					"$(inherited)",
				);
				GCC_SYMBOLS_PRIVATE_EXTERN = NO;
				GCC_WARN_64_TO_32_BIT_CONVERSION = YES;
				GCC_WARN_ABOUT_RETURN_TYPE = YES_ERROR;
				GCC_WARN_UNDECLARED_SELECTOR = YES;
				GCC_WARN_UNINITIALIZED_AUTOS = YES_AGGRESSIVE;
				GCC_WARN_UNUSED_FUNCTION = YES;
				GCC_WARN_UNUSED_VARIABLE = YES;
				IPHONEOS_DEPLOYMENT_TARGET = 8.1;
				MTL_ENABLE_DEBUG_INFO = YES;
				ONLY_ACTIVE_ARCH = YES;
				SDKROOT = iphoneos;
				SWIFT_OPTIMIZATION_LEVEL = "-Onone";
				TARGETED_DEVICE_FAMILY = "1,2";
			};
			name = Debug;
		};
		BE670BAA1A46E8880071640D /* Release */ = {
			isa = XCBuildConfiguration;
			buildSettings = {
				ALWAYS_SEARCH_USER_PATHS = NO;
				CLANG_CXX_LANGUAGE_STANDARD = "gnu++0x";
				CLANG_CXX_LIBRARY = "libc++";
				CLANG_ENABLE_MODULES = YES;
				CLANG_ENABLE_OBJC_ARC = YES;
				CLANG_WARN_BOOL_CONVERSION = YES;
				CLANG_WARN_CONSTANT_CONVERSION = YES;
				CLANG_WARN_DIRECT_OBJC_ISA_USAGE = YES_ERROR;
				CLANG_WARN_EMPTY_BODY = YES;
				CLANG_WARN_ENUM_CONVERSION = YES;
				CLANG_WARN_INT_CONVERSION = YES;
				CLANG_WARN_OBJC_ROOT_CLASS = YES_ERROR;
				CLANG_WARN_UNREACHABLE_CODE = YES;
				CLANG_WARN__DUPLICATE_METHOD_MATCH = YES;
				"CODE_SIGN_IDENTITY[sdk=iphoneos*]" = "iPhone Developer";
				COPY_PHASE_STRIP = YES;
				ENABLE_NS_ASSERTIONS = NO;
				ENABLE_STRICT_OBJC_MSGSEND = YES;
				GCC_C_LANGUAGE_STANDARD = gnu99;
				GCC_WARN_64_TO_32_BIT_CONVERSION = YES;
				GCC_WARN_ABOUT_RETURN_TYPE = YES_ERROR;
				GCC_WARN_UNDECLARED_SELECTOR = YES;
				GCC_WARN_UNINITIALIZED_AUTOS = YES_AGGRESSIVE;
				GCC_WARN_UNUSED_FUNCTION = YES;
				GCC_WARN_UNUSED_VARIABLE = YES;
				IPHONEOS_DEPLOYMENT_TARGET = 8.1;
				MTL_ENABLE_DEBUG_INFO = NO;
				SDKROOT = iphoneos;
				TARGETED_DEVICE_FAMILY = "1,2";
				VALIDATE_PRODUCT = YES;
			};
			name = Release;
		};
		BE670BAC1A46E8880071640D /* Debug */ = {
			isa = XCBuildConfiguration;
			buildSettings = {
				ASSETCATALOG_COMPILER_APPICON_NAME = AppIcon;
				INFOPLIST_FILE = myChapterTwo/Info.plist;
				LD_RUNPATH_SEARCH_PATHS = "$(inherited) @executable_path/Frameworks";
				PRODUCT_NAME = "$(TARGET_NAME)";
			};
			name = Debug;
		};
		BE670BAD1A46E8880071640D /* Release */ = {
			isa = XCBuildConfiguration;
			buildSettings = {
				ASSETCATALOG_COMPILER_APPICON_NAME = AppIcon;
				INFOPLIST_FILE = myChapterTwo/Info.plist;
				LD_RUNPATH_SEARCH_PATHS = "$(inherited) @executable_path/Frameworks";
				PRODUCT_NAME = "$(TARGET_NAME)";
			};
			name = Release;
		};
		BE670BAF1A46E8880071640D /* Debug */ = {
			isa = XCBuildConfiguration;
			buildSettings = {
				BUNDLE_LOADER = "$(TEST_HOST)";
				FRAMEWORK_SEARCH_PATHS = (
					"$(SDKROOT)/Developer/Library/Frameworks",
					"$(inherited)",
				);
				GCC_PREPROCESSOR_DEFINITIONS = (
					"DEBUG=1",
					"$(inherited)",
				);
				INFOPLIST_FILE = myChapterTwoTests/Info.plist;
				LD_RUNPATH_SEARCH_PATHS = "$(inherited) @executable_path/Frameworks @loader_path/Frameworks";
				PRODUCT_NAME = "$(TARGET_NAME)";
				TEST_HOST = "$(BUILT_PRODUCTS_DIR)/myChapterTwo.app/myChapterTwo";
			};
			name = Debug;
		};
		BE670BB01A46E8880071640D /* Release */ = {
			isa = XCBuildConfiguration;
			buildSettings = {
				BUNDLE_LOADER = "$(TEST_HOST)";
				FRAMEWORK_SEARCH_PATHS = (
					"$(SDKROOT)/Developer/Library/Frameworks",
					"$(inherited)",
				);
				INFOPLIST_FILE = myChapterTwoTests/Info.plist;
				LD_RUNPATH_SEARCH_PATHS = "$(inherited) @executable_path/Frameworks @loader_path/Frameworks";
				PRODUCT_NAME = "$(TARGET_NAME)";
				TEST_HOST = "$(BUILT_PRODUCTS_DIR)/myChapterTwo.app/myChapterTwo";
			};
			name = Release;
		};
/* End XCBuildConfiguration section */

/* Begin XCConfigurationList section */
		BE670B871A46E8880071640D /* Build configuration list for PBXProject "myChapterTwo" */ = {
			isa = XCConfigurationList;
			buildConfigurations = (
				BE670BA91A46E8880071640D /* Debug */,
				BE670BAA1A46E8880071640D /* Release */,
			);
			defaultConfigurationIsVisible = 0;
			defaultConfigurationName = Release;
		};
		BE670BAB1A46E8880071640D /* Build configuration list for PBXNativeTarget "myChapterTwo" */ = {
			isa = XCConfigurationList;
			buildConfigurations = (
				BE670BAC1A46E8880071640D /* Debug */,
				BE670BAD1A46E8880071640D /* Release */,
			);
			defaultConfigurationIsVisible = 0;
		};
		BE670BAE1A46E8880071640D /* Build configuration list for PBXNativeTarget "myChapterTwoTests" */ = {
			isa = XCConfigurationList;
			buildConfigurations = (
				BE670BAF1A46E8880071640D /* Debug */,
				BE670BB01A46E8880071640D /* Release */,
			);
			defaultConfigurationIsVisible = 0;
		};
/* End XCConfigurationList section */
	};
	rootObject = BE670B841A46E8880071640D /* Project object */;
}
